
Microsoft Visual Studio Solution File, Format Version 12.00
# Visual Studio Version 16
VisualStudioVersion = 16.0.31702.278
MinimumVisualStudioVersion = 10.0.40219.1
Project("{FAE04EC0-301F-11D3-BF4B-00C04F79EFBC}") = "91salon", "91salon\91salon.csproj", "{F2FA110A-EA2A-49D1-B58A-BD47F308EC44}"
EndProject
Global
	GlobalSection(SolutionConfigurationPlatforms) = preSolution
		Debug|Any CPU = Debug|Any CPU
		Release|Any CPU = Release|Any CPU
	EndGlobalSection
	GlobalSection(ProjectConfigurationPlatforms) = postSolution
		{F2FA110A-EA2A-49D1-B58A-BD47F308EC44}.Debug|Any CPU.ActiveCfg = Debug|Any CPU
		{F2FA110A-EA2A-49D1-B58A-BD47F308EC44}.Debug|Any CPU.Build.0 = Debug|Any CPU
		{F2FA110A-EA2A-49D1-B58A-BD47F308EC44}.Release|Any CPU.ActiveCfg = Release|Any CPU
		{F2FA110A-EA2A-49D1-B58A-BD47F308EC44}.Release|Any CPU.Build.0 = Release|Any CPU
	EndGlobalSection
	GlobalSection(SolutionProperties) = preSolution
		HideSolutionNode = FALSE
	EndGlobalSection
	GlobalSection(ExtensibilityGlobals) = postSolution
		SolutionGuid = {8C90C439-1D64-4B96-95D5-69C8EC96232B}
	EndGlobalSection
EndGlobal
